// !$*UTF8*$!
{
	archiveVersion = 1;
	classes = {
	};
	objectVersion = 50;
	objects = {

/* Begin PBXBuildFile section */
		222C887D2099169E00BECAB7 /* InputHandler.m in Sources */ = {isa = PBXBuildFile; fileRef = 222C887C2099169E00BECAB7 /* InputHandler.m */; };
		222C88842099198300BECAB7 /* Kitchen.m in Sources */ = {isa = PBXBuildFile; fileRef = 222C887E2099198300BECAB7 /* Kitchen.m */; };
		222C88862099198300BECAB7 /* Pizza.m in Sources */ = {isa = PBXBuildFile; fileRef = 222C88832099198300BECAB7 /* Pizza.m */; };
		222C88C2209934A800BECAB7 /* DeliveryService.m in Sources */ = {isa = PBXBuildFile; fileRef = 222C88C1209934A800BECAB7 /* DeliveryService.m */; };
		222C88C5209934DD00BECAB7 /* DeliveryCar.m in Sources */ = {isa = PBXBuildFile; fileRef = 222C88C4209934DD00BECAB7 /* DeliveryCar.m */; };
		222C88CB2099AF9D00BECAB7 /* NewManager.m in Sources */ = {isa = PBXBuildFile; fileRef = 222C88CA2099AF9D00BECAB7 /* NewManager.m */; };
		222C88CE2099AFAC00BECAB7 /* SecondManager.m in Sources */ = {isa = PBXBuildFile; fileRef = 222C88CD2099AFAC00BECAB7 /* SecondManager.m */; };
		222C88D0209A3D7300BECAB7 /* main.m in Sources */ = {isa = PBXBuildFile; fileRef = 222C88CF209A3D7300BECAB7 /* main.m */; };
/* End PBXBuildFile section */

/* Begin PBXCopyFilesBuildPhase section */
		222C886D209915F400BECAB7 /* CopyFiles */ = {
			isa = PBXCopyFilesBuildPhase;
			buildActionMask = 2147483647;
			dstPath = /usr/share/man/man1/;
			dstSubfolderSpec = 0;
			files = (
			);
			runOnlyForDeploymentPostprocessing = 1;
		};
/* End PBXCopyFilesBuildPhase section */

/* Begin PBXFileReference section */
		222C886F209915F400BECAB7 /* Assignment 11 */ = {isa = PBXFileReference; explicitFileType = "compiled.mach-o.executable"; includeInIndex = 0; path = "Assignment 11"; sourceTree = BUILT_PRODUCTS_DIR; };
		222C887B2099169E00BECAB7 /* InputHandler.h */ = {isa = PBXFileReference; fileEncoding = 4; lastKnownFileType = sourcecode.c.h; path = InputHandler.h; sourceTree = "<group>"; };
		222C887C2099169E00BECAB7 /* InputHandler.m */ = {isa = PBXFileReference; fileEncoding = 4; lastKnownFileType = sourcecode.c.objc; path = InputHandler.m; sourceTree = "<group>"; };
		222C887E2099198300BECAB7 /* Kitchen.m */ = {isa = PBXFileReference; fileEncoding = 4; lastKnownFileType = sourcecode.c.objc; path = Kitchen.m; sourceTree = "<group>"; };
		222C887F2099198300BECAB7 /* Kitchen.h */ = {isa = PBXFileReference; fileEncoding = 4; lastKnownFileType = sourcecode.c.h; path = Kitchen.h; sourceTree = "<group>"; };
		222C88802099198300BECAB7 /* Pizza.h */ = {isa = PBXFileReference; fileEncoding = 4; lastKnownFileType = sourcecode.c.h; path = Pizza.h; sourceTree = "<group>"; };
		222C88812099198300BECAB7 /* PizzaRestaurant-Prefix.pch */ = {isa = PBXFileReference; fileEncoding = 4; lastKnownFileType = sourcecode.c.h; path = "PizzaRestaurant-Prefix.pch"; sourceTree = "<group>"; };
		222C88832099198300BECAB7 /* Pizza.m */ = {isa = PBXFileReference; fileEncoding = 4; lastKnownFileType = sourcecode.c.objc; path = Pizza.m; sourceTree = "<group>"; };
		222C88C0209934A800BECAB7 /* DeliveryService.h */ = {isa = PBXFileReference; lastKnownFileType = sourcecode.c.h; path = DeliveryService.h; sourceTree = "<group>"; };
		222C88C1209934A800BECAB7 /* DeliveryService.m */ = {isa = PBXFileReference; lastKnownFileType = sourcecode.c.objc; path = DeliveryService.m; sourceTree = "<group>"; };
		222C88C3209934DD00BECAB7 /* DeliveryCar.h */ = {isa = PBXFileReference; lastKnownFileType = sourcecode.c.h; path = DeliveryCar.h; sourceTree = "<group>"; };
		222C88C4209934DD00BECAB7 /* DeliveryCar.m */ = {isa = PBXFileReference; lastKnownFileType = sourcecode.c.objc; path = DeliveryCar.m; sourceTree = "<group>"; };
		222C88C92099AF9D00BECAB7 /* NewManager.h */ = {isa = PBXFileReference; lastKnownFileType = sourcecode.c.h; path = NewManager.h; sourceTree = "<group>"; };
		222C88CA2099AF9D00BECAB7 /* NewManager.m */ = {isa = PBXFileReference; lastKnownFileType = sourcecode.c.objc; path = NewManager.m; sourceTree = "<group>"; };
		222C88CC2099AFAC00BECAB7 /* SecondManager.h */ = {isa = PBXFileReference; lastKnownFileType = sourcecode.c.h; path = SecondManager.h; sourceTree = "<group>"; };
		222C88CD2099AFAC00BECAB7 /* SecondManager.m */ = {isa = PBXFileReference; lastKnownFileType = sourcecode.c.objc; path = SecondManager.m; sourceTree = "<group>"; };
		222C88CF209A3D7300BECAB7 /* main.m */ = {isa = PBXFileReference; lastKnownFileType = sourcecode.c.objc; path = main.m; sourceTree = "<group>"; };
/* End PBXFileReference section */

/* Begin PBXFrameworksBuildPhase section */
		222C886C209915F400BECAB7 /* Frameworks */ = {
			isa = PBXFrameworksBuildPhase;
			buildActionMask = 2147483647;
			files = (
			);
			runOnlyForDeploymentPostprocessing = 0;
		};
/* End PBXFrameworksBuildPhase section */

/* Begin PBXGroup section */
		222C8866209915F400BECAB7 = {
			isa = PBXGroup;
			children = (
				222C8871209915F400BECAB7 /* Assignment 11 */,
				222C8870209915F400BECAB7 /* Products */,
				222C88812099198300BECAB7 /* PizzaRestaurant-Prefix.pch */,
			);
			sourceTree = "<group>";
		};
		222C8870209915F400BECAB7 /* Products */ = {
			isa = PBXGroup;
			children = (
				222C886F209915F400BECAB7 /* Assignment 11 */,
			);
			name = Products;
			sourceTree = "<group>";
		};
		222C8871209915F400BECAB7 /* Assignment 11 */ = {
			isa = PBXGroup;
			children = (
				222C887A2099163C00BECAB7 /* Util */,
				222C88792099162600BECAB7 /* PizzaRestaurant */,
			);
			path = "Assignment 11";
			sourceTree = "<group>";
		};
		222C88792099162600BECAB7 /* PizzaRestaurant */ = {
			isa = PBXGroup;
			children = (
				222C887F2099198300BECAB7 /* Kitchen.h */,
				222C88C0209934A800BECAB7 /* DeliveryService.h */,
				222C88C1209934A800BECAB7 /* DeliveryService.m */,
				222C887E2099198300BECAB7 /* Kitchen.m */,
				222C88802099198300BECAB7 /* Pizza.h */,
				222C88832099198300BECAB7 /* Pizza.m */,
				222C88C92099AF9D00BECAB7 /* NewManager.h */,
				222C88CA2099AF9D00BECAB7 /* NewManager.m */,
				222C88CC2099AFAC00BECAB7 /* SecondManager.h */,
				222C88CD2099AFAC00BECAB7 /* SecondManager.m */,
				222C88C3209934DD00BECAB7 /* DeliveryCar.h */,
				222C88C4209934DD00BECAB7 /* DeliveryCar.m */,
				222C88CF209A3D7300BECAB7 /* main.m */,
			);
			path = PizzaRestaurant;
			sourceTree = "<group>";
		};
		222C887A2099163C00BECAB7 /* Util */ = {
			isa = PBXGroup;
			children = (
				222C887B2099169E00BECAB7 /* InputHandler.h */,
				222C887C2099169E00BECAB7 /* InputHandler.m */,
			);
			path = Util;
			sourceTree = "<group>";
		};
/* End PBXGroup section */

/* Begin PBXNativeTarget section */
		222C886E209915F400BECAB7 /* Assignment 11 */ = {
			isa = PBXNativeTarget;
			buildConfigurationList = 222C8876209915F400BECAB7 /* Build configuration list for PBXNativeTarget "Assignment 11" */;
			buildPhases = (
				222C886B209915F400BECAB7 /* Sources */,
				222C886C209915F400BECAB7 /* Frameworks */,
				222C886D209915F400BECAB7 /* CopyFiles */,
			);
			buildRules = (
			);
			dependencies = (
			);
			name = "Assignment 11";
			productName = "Assignment 11";
			productReference = 222C886F209915F400BECAB7 /* Assignment 11 */;
			productType = "com.apple.product-type.tool";
		};
/* End PBXNativeTarget section */

/* Begin PBXProject section */
		222C8867209915F400BECAB7 /* Project object */ = {
			isa = PBXProject;
			attributes = {
				LastUpgradeCheck = 0930;
				ORGANIZATIONNAME = Tima;
				TargetAttributes = {
					222C886E209915F400BECAB7 = {
						CreatedOnToolsVersion = 9.3;
					};
				};
			};
			buildConfigurationList = 222C886A209915F400BECAB7 /* Build configuration list for PBXProject "Assignment 11" */;
			compatibilityVersion = "Xcode 9.3";
			developmentRegion = en;
			hasScannedForEncodings = 0;
			knownRegions = (
				en,
			);
			mainGroup = 222C8866209915F400BECAB7;
			productRefGroup = 222C8870209915F400BECAB7 /* Products */;
			projectDirPath = "";
			projectRoot = "";
			targets = (
				222C886E209915F400BECAB7 /* Assignment 11 */,
			);
		};
/* End PBXProject section */

/* Begin PBXSourcesBuildPhase section */
		222C886B209915F400BECAB7 /* Sources */ = {
			isa = PBXSourcesBuildPhase;
			buildActionMask = 2147483647;
			files = (
				222C88C5209934DD00BECAB7 /* DeliveryCar.m in Sources */,
				222C88CE2099AFAC00BECAB7 /* SecondManager.m in Sources */,
				222C887D2099169E00BECAB7 /* InputHandler.m in Sources */,
				222C88CB2099AF9D00BECAB7 /* NewManager.m in Sources */,
				222C88862099198300BECAB7 /* Pizza.m in Sources */,
				222C88842099198300BECAB7 /* Kitchen.m in Sources */,
				222C88D0209A3D7300BECAB7 /* main.m in Sources */,
				222C88C2209934A800BECAB7 /* DeliveryService.m in Sources */,
			);
			runOnlyForDeploymentPostprocessing = 0;
		};
/* End PBXSourcesBuildPhase section */

/* Begin XCBuildConfiguration section */
		222C8874209915F400BECAB7 /* Debug */ = {
			isa = XCBuildConfiguration;
			buildSettings = {
				ALWAYS_SEARCH_USER_PATHS = NO;
				CLANG_ANALYZER_NONNULL = YES;
				CLANG_ANALYZER_NUMBER_OBJECT_CONVERSION = YES_AGGRESSIVE;
				CLANG_CXX_LANGUAGE_STANDARD = "gnu++14";
				CLANG_CXX_LIBRARY = "libc++";
				CLANG_ENABLE_MODULES = YES;
				CLANG_ENABLE_OBJC_ARC = YES;
				CLANG_ENABLE_OBJC_WEAK = YES;
				CLANG_WARN_BLOCK_CAPTURE_AUTORELEASING = YES;
				CLANG_WARN_BOOL_CONVERSION = YES;
				CLANG_WARN_COMMA = YES;
				CLANG_WARN_CONSTANT_CONVERSION = YES;
				CLANG_WARN_DEPRECATED_OBJC_IMPLEMENTATIONS = YES;
				CLANG_WARN_DIRECT_OBJC_ISA_USAGE = YES_ERROR;
				CLANG_WARN_DOCUMENTATION_COMMENTS = YES;
				CLANG_WARN_EMPTY_BODY = YES;
				CLANG_WARN_ENUM_CONVERSION = YES;
				CLANG_WARN_INFINITE_RECURSION = YES;
				CLANG_WARN_INT_CONVERSION = YES;
				CLANG_WARN_NON_LITERAL_NULL_CONVERSION = YES;
				CLANG_WARN_OBJC_IMPLICIT_RETAIN_SELF = YES;
				CLANG_WARN_OBJC_LITERAL_CONVERSION = YES;
				CLANG_WARN_OBJC_ROOT_CLASS = YES_ERROR;
				CLANG_WARN_RANGE_LOOP_ANALYSIS = YES;
				CLANG_WARN_STRICT_PROTOTYPES = YES;
				CLANG_WARN_SUSPICIOUS_MOVE = YES;
				CLANG_WARN_UNGUARDED_AVAILABILITY = YES_AGGRESSIVE;
				CLANG_WARN_UNREACHABLE_CODE = YES;
				CLANG_WARN__DUPLICATE_METHOD_MATCH = YES;
				CODE_SIGN_IDENTITY = "-";
				COPY_PHASE_STRIP = NO;
				DEBUG_INFORMATION_FORMAT = dwarf;
				ENABLE_STRICT_OBJC_MSGSEND = YES;
				ENABLE_TESTABILITY = YES;
				GCC_C_LANGUAGE_STANDARD = gnu11;
				GCC_DYNAMIC_NO_PIC = NO;
				GCC_NO_COMMON_BLOCKS = YES;
				GCC_OPTIMIZATION_LEVEL = 0;
				GCC_PREPROCESSOR_DEFINITIONS = (
					"DEBUG=1",
					"$(inherited)",
				);
				GCC_WARN_64_TO_32_BIT_CONVERSION = YES;
				GCC_WARN_ABOUT_RETURN_TYPE = YES_ERROR;
				GCC_WARN_UNDECLARED_SELECTOR = YES;
				GCC_WARN_UNINITIALIZED_AUTOS = YES_AGGRESSIVE;
				GCC_WARN_UNUSED_FUNCTION = YES;
				GCC_WARN_UNUSED_VARIABLE = YES;
				MACOSX_DEPLOYMENT_TARGET = 10.13;
				MTL_ENABLE_DEBUG_INFO = YES;
				ONLY_ACTIVE_ARCH = YES;
				SDKROOT = macosx;
			};
			name = Debug;
		};
		222C8875209915F400BECAB7 /* Release */ = {
			isa = XCBuildConfiguration;
			buildSettings = {
				ALWAYS_SEARCH_USER_PATHS = NO;
				CLANG_ANALYZER_NONNULL = YES;
				CLANG_ANALYZER_NUMBER_OBJECT_CONVERSION = YES_AGGRESSIVE;
				CLANG_CXX_LANGUAGE_STANDARD = "gnu++14";
				CLANG_CXX_LIBRARY = "libc++";
				CLANG_ENABLE_MODULES = YES;
				CLANG_ENABLE_OBJC_ARC = YES;
				CLANG_ENABLE_OBJC_WEAK = YES;
				CLANG_WARN_BLOCK_CAPTURE_AUTORELEASING = YES;
				CLANG_WARN_BOOL_CONVERSION = YES;
				CLANG_WARN_COMMA = YES;
				CLANG_WARN_CONSTANT_CONVERSION = YES;
				CLANG_WARN_DEPRECATED_OBJC_IMPLEMENTATIONS = YES;
				CLANG_WARN_DIRECT_OBJC_ISA_USAGE = YES_ERROR;
				CLANG_WARN_DOCUMENTATION_COMMENTS = YES;
				CLANG_WARN_EMPTY_BODY = YES;
				CLANG_WARN_ENUM_CONVERSION = YES;
				CLANG_WARN_INFINITE_RECURSION = YES;
				CLANG_WARN_INT_CONVERSION = YES;
				CLANG_WARN_NON_LITERAL_NULL_CONVERSION = YES;
				CLANG_WARN_OBJC_IMPLICIT_RETAIN_SELF = YES;
				CLANG_WARN_OBJC_LITERAL_CONVERSION = YES;
				CLANG_WARN_OBJC_ROOT_CLASS = YES_ERROR;
				CLANG_WARN_RANGE_LOOP_ANALYSIS = YES;
				CLANG_WARN_STRICT_PROTOTYPES = YES;
				CLANG_WARN_SUSPICIOUS_MOVE = YES;
				CLANG_WARN_UNGUARDED_AVAILABILITY = YES_AGGRESSIVE;
				CLANG_WARN_UNREACHABLE_CODE = YES;
				CLANG_WARN__DUPLICATE_METHOD_MATCH = YES;
				CODE_SIGN_IDENTITY = "-";
				COPY_PHASE_STRIP = NO;
				DEBUG_INFORMATION_FORMAT = "dwarf-with-dsym";
				ENABLE_NS_ASSERTIONS = NO;
				ENABLE_STRICT_OBJC_MSGSEND = YES;
				GCC_C_LANGUAGE_STANDARD = gnu11;
				GCC_NO_COMMON_BLOCKS = YES;
				GCC_WARN_64_TO_32_BIT_CONVERSION = YES;
				GCC_WARN_ABOUT_RETURN_TYPE = YES_ERROR;
				GCC_WARN_UNDECLARED_SELECTOR = YES;
				GCC_WARN_UNINITIALIZED_AUTOS = YES_AGGRESSIVE;
				GCC_WARN_UNUSED_FUNCTION = YES;
				GCC_WARN_UNUSED_VARIABLE = YES;
				MACOSX_DEPLOYMENT_TARGET = 10.13;
				MTL_ENABLE_DEBUG_INFO = NO;
				SDKROOT = macosx;
			};
			name = Release;
		};
		222C8877209915F400BECAB7 /* Debug */ = {
			isa = XCBuildConfiguration;
			buildSettings = {
				CODE_SIGN_STYLE = Automatic;
				PRODUCT_NAME = "$(TARGET_NAME)";
			};
			name = Debug;
		};
		222C8878209915F400BECAB7 /* Release */ = {
			isa = XCBuildConfiguration;
			buildSettings = {
				CODE_SIGN_STYLE = Automatic;
				PRODUCT_NAME = "$(TARGET_NAME)";
			};
			name = Release;
		};
/* End XCBuildConfiguration section */

/* Begin XCConfigurationList section */
		222C886A209915F400BECAB7 /* Build configuration list for PBXProject "Assignment 11" */ = {
			isa = XCConfigurationList;
			buildConfigurations = (
				222C8874209915F400BECAB7 /* Debug */,
				222C8875209915F400BECAB7 /* Release */,
			);
			defaultConfigurationIsVisible = 0;
			defaultConfigurationName = Release;
		};
		222C8876209915F400BECAB7 /* Build configuration list for PBXNativeTarget "Assignment 11" */ = {
			isa = XCConfigurationList;
			buildConfigurations = (
				222C8877209915F400BECAB7 /* Debug */,
				222C8878209915F400BECAB7 /* Release */,
			);
			defaultConfigurationIsVisible = 0;
			defaultConfigurationName = Release;
		};
/* End XCConfigurationList section */
	};
	rootObject = 222C8867209915F400BECAB7 /* Project object */;
}
